
Microsoft Visual Studio Solution File, Format Version 12.00
Project("{FAE04EC0-301F-11D3-BF4B-00C04F79EFBC}") = "backend", "backend\backend.csproj", "{9872E49A-6CFC-4D0A-BE44-14EB2364BBC0}"
EndProject
Global
	GlobalSection(SolutionConfigurationPlatforms) = preSolution
		Debug|Any CPU = Debug|Any CPU
		Release|Any CPU = Release|Any CPU
	EndGlobalSection
	GlobalSection(ProjectConfigurationPlatforms) = postSolution
		{9872E49A-6CFC-4D0A-BE44-14EB2364BBC0}.Debug|Any CPU.ActiveCfg = Debug|Any CPU
		{9872E49A-6CFC-4D0A-BE44-14EB2364BBC0}.Debug|Any CPU.Build.0 = Debug|Any CPU
		{9872E49A-6CFC-4D0A-BE44-14EB2364BBC0}.Release|Any CPU.ActiveCfg = Release|Any CPU
		{9872E49A-6CFC-4D0A-BE44-14EB2364BBC0}.Release|Any CPU.Build.0 = Release|Any CPU
	EndGlobalSection
EndGlobal
